
Microsoft Visual Studio Solution File, Format Version 12.00
# Visual Studio Version 16
VisualStudioVersion = 16.0.31129.286
MinimumVisualStudioVersion = 10.0.40219.1
Project("{FAE04EC0-301F-11D3-BF4B-00C04F79EFBC}") = "API_tests", "API_tests\API_tests.csproj", "{FA1CA517-FEB2-4576-8735-BDADDC45CAFF}"
EndProject
Global
	GlobalSection(SolutionConfigurationPlatforms) = preSolution
		Debug|Any CPU = Debug|Any CPU
		Release|Any CPU = Release|Any CPU
	EndGlobalSection
	GlobalSection(ProjectConfigurationPlatforms) = postSolution
		{FA1CA517-FEB2-4576-8735-BDADDC45CAFF}.Debug|Any CPU.ActiveCfg = Debug|Any CPU
		{FA1CA517-FEB2-4576-8735-BDADDC45CAFF}.Debug|Any CPU.Build.0 = Debug|Any CPU
		{FA1CA517-FEB2-4576-8735-BDADDC45CAFF}.Release|Any CPU.ActiveCfg = Release|Any CPU
		{FA1CA517-FEB2-4576-8735-BDADDC45CAFF}.Release|Any CPU.Build.0 = Release|Any CPU
	EndGlobalSection
	GlobalSection(SolutionProperties) = preSolution
		HideSolutionNode = FALSE
	EndGlobalSection
	GlobalSection(ExtensibilityGlobals) = postSolution
		SolutionGuid = {3769F4F6-06FD-4090-ACE2-2D1559BD0696}
	EndGlobalSection
EndGlobal
